// !$*UTF8*$!
{
	archiveVersion = 1;
	classes = {
	};
	objectVersion = 46;
	objects = {

/* Begin PBXBuildFile section */
		86163034D4562786BCEA6DEC /* Pods_Flower.framework in Frameworks */ = {isa = PBXBuildFile; fileRef = 1427D40452409F7AF7E831B2 /* Pods_Flower.framework */; };
		FCA1511E3B2C7598F2EE7666 /* Date+Extension.swift in Sources */ = {isa = PBXBuildFile; fileRef = FCA15437B3DDCD40586A7672 /* Date+Extension.swift */; };
		FCA1514AC13163A315D02908 /* UIViewController+HUD.swift in Sources */ = {isa = PBXBuildFile; fileRef = FCA154E9EBC4EEAB51B418B1 /* UIViewController+HUD.swift */; };
		FCA1527BCFB03AE30F7FC16E /* String+Extension.swift in Sources */ = {isa = PBXBuildFile; fileRef = FCA155669150E4CD33F2129A /* String+Extension.swift */; };
		FCA155B45090436F2173DF70 /* AppDelegate.swift in Sources */ = {isa = PBXBuildFile; fileRef = FCA15610503588C9D7BAF97A /* AppDelegate.swift */; };
		FCA15833DB04AEEF0A85B4BB /* ViewController.swift in Sources */ = {isa = PBXBuildFile; fileRef = FCA15DDB85E32B3ACCE7EA4B /* ViewController.swift */; };
		FCA158F84D7014FDBE8BAAA6 /* LaunchScreen.storyboard in Resources */ = {isa = PBXBuildFile; fileRef = FCA158CF5C27FB1FE3D6E562 /* LaunchScreen.storyboard */; };
		FCA159168BB46C9DC7F97352 /* UIColor+Extension.swift in Sources */ = {isa = PBXBuildFile; fileRef = FCA15D46D068AA943F0E2AF5 /* UIColor+Extension.swift */; };
		FCA15BBB41FE989B0D866CAD /* UIImage+Extension.swift in Sources */ = {isa = PBXBuildFile; fileRef = FCA15A3A5A60B8AB080DE5BD /* UIImage+Extension.swift */; };
		FCA15C25116D2DF022E924EE /* UITextField+Extension.swift in Sources */ = {isa = PBXBuildFile; fileRef = FCA15EB17D2A6670FE8609DA /* UITextField+Extension.swift */; };
		FCA15C4B85D00A92B198BCB1 /* UILabel+Extension.swift in Sources */ = {isa = PBXBuildFile; fileRef = FCA1576029D1E2700D430532 /* UILabel+Extension.swift */; };
		FCA15D5197FA6D08AAA8A84E /* UIButton+Extension.swift in Sources */ = {isa = PBXBuildFile; fileRef = FCA151CD2EE8D4DE27368FBF /* UIButton+Extension.swift */; };
		FCA15D7B6B4125AF0913066F /* Assets.xcassets in Resources */ = {isa = PBXBuildFile; fileRef = FCA1544596A7AB6B3575BDF1 /* Assets.xcassets */; };
		FCA15DEDA26E5B366752EF4D /* NSObject+Extension.swift in Sources */ = {isa = PBXBuildFile; fileRef = FCA15CF4156003B254867C23 /* NSObject+Extension.swift */; };
/* End PBXBuildFile section */

/* Begin PBXFileReference section */
		0A829E9C19CAE2857C1A1351 /* Pods-Flower.release.xcconfig */ = {isa = PBXFileReference; includeInIndex = 1; lastKnownFileType = text.xcconfig; name = "Pods-Flower.release.xcconfig"; path = "Pods/Target Support Files/Pods-Flower/Pods-Flower.release.xcconfig"; sourceTree = "<group>"; };
		1427D40452409F7AF7E831B2 /* Pods_Flower.framework */ = {isa = PBXFileReference; explicitFileType = wrapper.framework; includeInIndex = 0; path = Pods_Flower.framework; sourceTree = BUILT_PRODUCTS_DIR; };
		B303EDD5D55DE62C9D01130E /* Pods-Flower.debug.xcconfig */ = {isa = PBXFileReference; includeInIndex = 1; lastKnownFileType = text.xcconfig; name = "Pods-Flower.debug.xcconfig"; path = "Pods/Target Support Files/Pods-Flower/Pods-Flower.debug.xcconfig"; sourceTree = "<group>"; };
		FCA15071DD139EBA26E7E1EB /* Flower.app */ = {isa = PBXFileReference; explicitFileType = wrapper.application; includeInIndex = 0; path = Flower.app; sourceTree = BUILT_PRODUCTS_DIR; };
		FCA151CD2EE8D4DE27368FBF /* UIButton+Extension.swift */ = {isa = PBXFileReference; fileEncoding = 4; lastKnownFileType = sourcecode.swift; path = "UIButton+Extension.swift"; sourceTree = "<group>"; };
		FCA15437B3DDCD40586A7672 /* Date+Extension.swift */ = {isa = PBXFileReference; fileEncoding = 4; lastKnownFileType = sourcecode.swift; path = "Date+Extension.swift"; sourceTree = "<group>"; };
		FCA1544596A7AB6B3575BDF1 /* Assets.xcassets */ = {isa = PBXFileReference; lastKnownFileType = folder.assetcatalog; path = Assets.xcassets; sourceTree = "<group>"; };
		FCA154E9EBC4EEAB51B418B1 /* UIViewController+HUD.swift */ = {isa = PBXFileReference; fileEncoding = 4; lastKnownFileType = sourcecode.swift; path = "UIViewController+HUD.swift"; sourceTree = "<group>"; };
		FCA155669150E4CD33F2129A /* String+Extension.swift */ = {isa = PBXFileReference; fileEncoding = 4; lastKnownFileType = sourcecode.swift; path = "String+Extension.swift"; sourceTree = "<group>"; };
		FCA15595E0656BDF7448D31D /* Info.plist */ = {isa = PBXFileReference; lastKnownFileType = text.plist.info; path = Info.plist; sourceTree = "<group>"; };
		FCA15610503588C9D7BAF97A /* AppDelegate.swift */ = {isa = PBXFileReference; lastKnownFileType = sourcecode.swift; path = AppDelegate.swift; sourceTree = "<group>"; };
		FCA1576029D1E2700D430532 /* UILabel+Extension.swift */ = {isa = PBXFileReference; fileEncoding = 4; lastKnownFileType = sourcecode.swift; path = "UILabel+Extension.swift"; sourceTree = "<group>"; };
		FCA15A3A5A60B8AB080DE5BD /* UIImage+Extension.swift */ = {isa = PBXFileReference; fileEncoding = 4; lastKnownFileType = sourcecode.swift; path = "UIImage+Extension.swift"; sourceTree = "<group>"; };
		FCA15CEF9B4E52AD47B2E726 /* Base */ = {isa = PBXFileReference; lastKnownFileType = file.storyboard; name = Base; path = Base.lproj/LaunchScreen.storyboard; sourceTree = "<group>"; };
		FCA15CF4156003B254867C23 /* NSObject+Extension.swift */ = {isa = PBXFileReference; fileEncoding = 4; lastKnownFileType = sourcecode.swift; path = "NSObject+Extension.swift"; sourceTree = "<group>"; };
		FCA15D46D068AA943F0E2AF5 /* UIColor+Extension.swift */ = {isa = PBXFileReference; fileEncoding = 4; lastKnownFileType = sourcecode.swift; path = "UIColor+Extension.swift"; sourceTree = "<group>"; };
		FCA15DDB85E32B3ACCE7EA4B /* ViewController.swift */ = {isa = PBXFileReference; lastKnownFileType = sourcecode.swift; path = ViewController.swift; sourceTree = "<group>"; };
		FCA15EB17D2A6670FE8609DA /* UITextField+Extension.swift */ = {isa = PBXFileReference; fileEncoding = 4; lastKnownFileType = sourcecode.swift; path = "UITextField+Extension.swift"; sourceTree = "<group>"; };
/* End PBXFileReference section */

/* Begin PBXFrameworksBuildPhase section */
		FCA15D7645EC07232BC70D5C /* Frameworks */ = {
			isa = PBXFrameworksBuildPhase;
			buildActionMask = 2147483647;
			files = (
				86163034D4562786BCEA6DEC /* Pods_Flower.framework in Frameworks */,
			);
			runOnlyForDeploymentPostprocessing = 0;
		};
/* End PBXFrameworksBuildPhase section */

/* Begin PBXGroup section */
		D3DBAE19ABCEFA8431FB35DD /* Pods */ = {
			isa = PBXGroup;
			children = (
				B303EDD5D55DE62C9D01130E /* Pods-Flower.debug.xcconfig */,
				0A829E9C19CAE2857C1A1351 /* Pods-Flower.release.xcconfig */,
			);
			name = Pods;
			sourceTree = "<group>";
		};
		D7C3983676474E96AF02BB48 /* Frameworks */ = {
			isa = PBXGroup;
			children = (
				1427D40452409F7AF7E831B2 /* Pods_Flower.framework */,
			);
			name = Frameworks;
			sourceTree = "<group>";
		};
		FCA150225B39F50A0178505E /* Tools */ = {
			isa = PBXGroup;
			children = (
				FCA150A1132ACBBA6C4DB36B /* Category */,
			);
			path = Tools;
			sourceTree = "<group>";
		};
		FCA150A1132ACBBA6C4DB36B /* Category */ = {
			isa = PBXGroup;
			children = (
				FCA15437B3DDCD40586A7672 /* Date+Extension.swift */,
				FCA15CF4156003B254867C23 /* NSObject+Extension.swift */,
				FCA155669150E4CD33F2129A /* String+Extension.swift */,
				FCA151CD2EE8D4DE27368FBF /* UIButton+Extension.swift */,
				FCA15D46D068AA943F0E2AF5 /* UIColor+Extension.swift */,
				FCA15A3A5A60B8AB080DE5BD /* UIImage+Extension.swift */,
				FCA1576029D1E2700D430532 /* UILabel+Extension.swift */,
				FCA15EB17D2A6670FE8609DA /* UITextField+Extension.swift */,
				FCA154E9EBC4EEAB51B418B1 /* UIViewController+HUD.swift */,
			);
			path = Category;
			sourceTree = "<group>";
		};
		FCA1549B1C822076E325E2F2 /* Flower */ = {
			isa = PBXGroup;
			children = (
				FCA15595E0656BDF7448D31D /* Info.plist */,
				FCA1544596A7AB6B3575BDF1 /* Assets.xcassets */,
				FCA158CF5C27FB1FE3D6E562 /* LaunchScreen.storyboard */,
				FCA15610503588C9D7BAF97A /* AppDelegate.swift */,
				FCA15DDB85E32B3ACCE7EA4B /* ViewController.swift */,
				FCA15B5D2B5680A176370A22 /* Classes */,
			);
			path = Flower;
			sourceTree = "<group>";
		};
		FCA1570B2571B8FA1FBB7203 = {
			isa = PBXGroup;
			children = (
				FCA15BDB920A8B4294985EE5 /* Products */,
				FCA1549B1C822076E325E2F2 /* Flower */,
				D3DBAE19ABCEFA8431FB35DD /* Pods */,
				D7C3983676474E96AF02BB48 /* Frameworks */,
			);
			sourceTree = "<group>";
		};
		FCA15B5D2B5680A176370A22 /* Classes */ = {
			isa = PBXGroup;
			children = (
				FCA150225B39F50A0178505E /* Tools */,
			);
			path = Classes;
			sourceTree = "<group>";
		};
		FCA15BDB920A8B4294985EE5 /* Products */ = {
			isa = PBXGroup;
			children = (
				FCA15071DD139EBA26E7E1EB /* Flower.app */,
			);
			name = Products;
			sourceTree = "<group>";
		};
/* End PBXGroup section */

/* Begin PBXNativeTarget section */
		FCA154C82495056A7C3C0620 /* Flower */ = {
			isa = PBXNativeTarget;
			buildConfigurationList = FCA15B40CBD751391BB86A93 /* Build configuration list for PBXNativeTarget "Flower" */;
			buildPhases = (
				6B845919606FA7C2A3E2632F /* [CP] Check Pods Manifest.lock */,
				FCA15D8C4C03B7A2490A3B65 /* Sources */,
				FCA15D7645EC07232BC70D5C /* Frameworks */,
				FCA158A3BB994B1111636BB4 /* Resources */,
				66574C62FDE9A6B757BE8DA6 /* [CP] Embed Pods Frameworks */,
				981F36D3C329BB1F03219517 /* [CP] Copy Pods Resources */,
			);
			buildRules = (
			);
			dependencies = (
			);
			name = Flower;
			productName = Flower;
			productReference = FCA15071DD139EBA26E7E1EB /* Flower.app */;
			productType = "com.apple.product-type.application";
		};
/* End PBXNativeTarget section */

/* Begin PBXProject section */
		FCA157CBAD3402CE27382FDD /* Project object */ = {
			isa = PBXProject;
			attributes = {
				ORGANIZATIONNAME = clem;
				TargetAttributes = {
					FCA154C82495056A7C3C0620 = {
						DevelopmentTeam = FCKB72E74L;
					};
				};
			};
			buildConfigurationList = FCA15B32B7E5CECD935D3A07 /* Build configuration list for PBXProject "Flower" */;
			compatibilityVersion = "Xcode 3.2";
			developmentRegion = English;
			hasScannedForEncodings = 0;
			knownRegions = (
				en,
			);
			mainGroup = FCA1570B2571B8FA1FBB7203;
			productRefGroup = FCA15BDB920A8B4294985EE5 /* Products */;
			projectDirPath = "";
			projectRoot = "";
			targets = (
				FCA154C82495056A7C3C0620 /* Flower */,
			);
		};
/* End PBXProject section */

/* Begin PBXResourcesBuildPhase section */
		FCA158A3BB994B1111636BB4 /* Resources */ = {
			isa = PBXResourcesBuildPhase;
			buildActionMask = 2147483647;
			files = (
				FCA15D7B6B4125AF0913066F /* Assets.xcassets in Resources */,
				FCA158F84D7014FDBE8BAAA6 /* LaunchScreen.storyboard in Resources */,
			);
			runOnlyForDeploymentPostprocessing = 0;
		};
/* End PBXResourcesBuildPhase section */

/* Begin PBXShellScriptBuildPhase section */
		66574C62FDE9A6B757BE8DA6 /* [CP] Embed Pods Frameworks */ = {
			isa = PBXShellScriptBuildPhase;
			buildActionMask = 2147483647;
			files = (
			);
			inputPaths = (
				"${SRCROOT}/Pods/Target Support Files/Pods-Flower/Pods-Flower-frameworks.sh",
				"${BUILT_PRODUCTS_DIR}/Alamofire/Alamofire.framework",
				"${BUILT_PRODUCTS_DIR}/Kingfisher/Kingfisher.framework",
				"${BUILT_PRODUCTS_DIR}/MBProgressHUD/MBProgressHUD.framework",
				"${BUILT_PRODUCTS_DIR}/MJRefresh/MJRefresh.framework",
				"${BUILT_PRODUCTS_DIR}/SnapKit/SnapKit.framework",
			);
			name = "[CP] Embed Pods Frameworks";
			outputPaths = (
				"${TARGET_BUILD_DIR}/${FRAMEWORKS_FOLDER_PATH}/Alamofire.framework",
				"${TARGET_BUILD_DIR}/${FRAMEWORKS_FOLDER_PATH}/Kingfisher.framework",
				"${TARGET_BUILD_DIR}/${FRAMEWORKS_FOLDER_PATH}/MBProgressHUD.framework",
				"${TARGET_BUILD_DIR}/${FRAMEWORKS_FOLDER_PATH}/MJRefresh.framework",
				"${TARGET_BUILD_DIR}/${FRAMEWORKS_FOLDER_PATH}/SnapKit.framework",
			);
			runOnlyForDeploymentPostprocessing = 0;
			shellPath = /bin/sh;
			shellScript = "\"${SRCROOT}/Pods/Target Support Files/Pods-Flower/Pods-Flower-frameworks.sh\"\n";
			showEnvVarsInLog = 0;
		};
		6B845919606FA7C2A3E2632F /* [CP] Check Pods Manifest.lock */ = {
			isa = PBXShellScriptBuildPhase;
			buildActionMask = 2147483647;
			files = (
			);
			inputPaths = (
				"${PODS_PODFILE_DIR_PATH}/Podfile.lock",
				"${PODS_ROOT}/Manifest.lock",
			);
			name = "[CP] Check Pods Manifest.lock";
			outputPaths = (
				"$(DERIVED_FILE_DIR)/Pods-Flower-checkManifestLockResult.txt",
			);
			runOnlyForDeploymentPostprocessing = 0;
			shellPath = /bin/sh;
			shellScript = "diff \"${PODS_PODFILE_DIR_PATH}/Podfile.lock\" \"${PODS_ROOT}/Manifest.lock\" > /dev/null\nif [ $? != 0 ] ; then\n    # print error to STDERR\n    echo \"error: The sandbox is not in sync with the Podfile.lock. Run 'pod install' or update your CocoaPods installation.\" >&2\n    exit 1\nfi\n# This output is used by Xcode 'outputs' to avoid re-running this script phase.\necho \"SUCCESS\" > \"${SCRIPT_OUTPUT_FILE_0}\"\n";
			showEnvVarsInLog = 0;
		};
		981F36D3C329BB1F03219517 /* [CP] Copy Pods Resources */ = {
			isa = PBXShellScriptBuildPhase;
			buildActionMask = 2147483647;
			files = (
			);
			inputPaths = (
			);
			name = "[CP] Copy Pods Resources";
			outputPaths = (
			);
			runOnlyForDeploymentPostprocessing = 0;
			shellPath = /bin/sh;
			shellScript = "\"${SRCROOT}/Pods/Target Support Files/Pods-Flower/Pods-Flower-resources.sh\"\n";
			showEnvVarsInLog = 0;
		};
/* End PBXShellScriptBuildPhase section */

/* Begin PBXSourcesBuildPhase section */
		FCA15D8C4C03B7A2490A3B65 /* Sources */ = {
			isa = PBXSourcesBuildPhase;
			buildActionMask = 2147483647;
			files = (
				FCA155B45090436F2173DF70 /* AppDelegate.swift in Sources */,
				FCA15833DB04AEEF0A85B4BB /* ViewController.swift in Sources */,
				FCA1511E3B2C7598F2EE7666 /* Date+Extension.swift in Sources */,
				FCA15DEDA26E5B366752EF4D /* NSObject+Extension.swift in Sources */,
				FCA1527BCFB03AE30F7FC16E /* String+Extension.swift in Sources */,
				FCA15D5197FA6D08AAA8A84E /* UIButton+Extension.swift in Sources */,
				FCA159168BB46C9DC7F97352 /* UIColor+Extension.swift in Sources */,
				FCA15BBB41FE989B0D866CAD /* UIImage+Extension.swift in Sources */,
				FCA15C4B85D00A92B198BCB1 /* UILabel+Extension.swift in Sources */,
				FCA15C25116D2DF022E924EE /* UITextField+Extension.swift in Sources */,
				FCA1514AC13163A315D02908 /* UIViewController+HUD.swift in Sources */,
			);
			runOnlyForDeploymentPostprocessing = 0;
		};
/* End PBXSourcesBuildPhase section */

/* Begin PBXVariantGroup section */
		FCA158CF5C27FB1FE3D6E562 /* LaunchScreen.storyboard */ = {
			isa = PBXVariantGroup;
			children = (
				FCA15CEF9B4E52AD47B2E726 /* Base */,
			);
			name = LaunchScreen.storyboard;
			sourceTree = "<group>";
		};
/* End PBXVariantGroup section */

/* Begin XCBuildConfiguration section */
		FCA15073014D356D88F04CC7 /* Debug */ = {
			isa = XCBuildConfiguration;
			buildSettings = {
				ALWAYS_SEARCH_USER_PATHS = NO;
				CLANG_ANALYZER_NONNULL = YES;
				CLANG_ANALYZER_NUMBER_OBJECT_CONVERSION = YES_AGGRESSIVE;
				CLANG_CXX_LANGUAGE_STANDARD = "gnu++14";
				CLANG_CXX_LIBRARY = "libc++";
				CLANG_ENABLE_MODULES = YES;
				CLANG_ENABLE_OBJC_ARC = YES;
				CLANG_WARN_BLOCK_CAPTURE_AUTORELEASING = YES;
				CLANG_WARN_BOOL_CONVERSION = YES;
				CLANG_WARN_COMMA = YES;
				CLANG_WARN_CONSTANT_CONVERSION = YES;
				CLANG_WARN_DIRECT_OBJC_ISA_USAGE = YES_ERROR;
				CLANG_WARN_DOCUMENTATION_COMMENTS = YES;
				CLANG_WARN_EMPTY_BODY = YES;
				CLANG_WARN_ENUM_CONVERSION = YES;
				CLANG_WARN_INFINITE_RECURSION = YES;
				CLANG_WARN_INT_CONVERSION = YES;
				CLANG_WARN_NON_LITERAL_NULL_CONVERSION = YES;
				CLANG_WARN_OBJC_LITERAL_CONVERSION = YES;
				CLANG_WARN_OBJC_ROOT_CLASS = YES_ERROR;
				CLANG_WARN_RANGE_LOOP_ANALYSIS = YES;
				CLANG_WARN_STRICT_PROTOTYPES = YES;
				CLANG_WARN_SUSPICIOUS_MOVE = YES;
				CLANG_WARN_UNGUARDED_AVAILABILITY = YES_AGGRESSIVE;
				CLANG_WARN_UNREACHABLE_CODE = YES;
				CLANG_WARN__DUPLICATE_METHOD_MATCH = YES;
				CODE_SIGN_IDENTITY = "iPhone Developer";
				COPY_PHASE_STRIP = NO;
				DEBUG_INFORMATION_FORMAT = dwarf;
				ENABLE_STRICT_OBJC_MSGSEND = YES;
				ENABLE_TESTABILITY = YES;
				GCC_C_LANGUAGE_STANDARD = gnu11;
				GCC_DYNAMIC_NO_PIC = NO;
				GCC_NO_COMMON_BLOCKS = YES;
				GCC_OPTIMIZATION_LEVEL = 0;
				GCC_PREPROCESSOR_DEFINITIONS = (
					"DEBUG=1",
					"$(inherited)",
				);
				GCC_WARN_64_TO_32_BIT_CONVERSION = YES;
				GCC_WARN_ABOUT_RETURN_TYPE = YES_ERROR;
				GCC_WARN_UNDECLARED_SELECTOR = YES;
				GCC_WARN_UNINITIALIZED_AUTOS = YES_AGGRESSIVE;
				GCC_WARN_UNUSED_FUNCTION = YES;
				GCC_WARN_UNUSED_VARIABLE = YES;
				IPHONEOS_DEPLOYMENT_TARGET = 11.2;
				MTL_ENABLE_DEBUG_INFO = YES;
				ONLY_ACTIVE_ARCH = YES;
				SDKROOT = iphoneos;
				SWIFT_ACTIVE_COMPILATION_CONDITIONS = DEBUG;
				SWIFT_OPTIMIZATION_LEVEL = "-Onone";
			};
			name = Debug;
		};
		FCA152F7EA7FEF687D967E03 /* Release */ = {
			isa = XCBuildConfiguration;
			buildSettings = {
				ALWAYS_SEARCH_USER_PATHS = NO;
				CLANG_ANALYZER_NONNULL = YES;
				CLANG_ANALYZER_NUMBER_OBJECT_CONVERSION = YES_AGGRESSIVE;
				CLANG_CXX_LANGUAGE_STANDARD = "gnu++14";
				CLANG_CXX_LIBRARY = "libc++";
				CLANG_ENABLE_MODULES = YES;
				CLANG_ENABLE_OBJC_ARC = YES;
				CLANG_WARN_BLOCK_CAPTURE_AUTORELEASING = YES;
				CLANG_WARN_BOOL_CONVERSION = YES;
				CLANG_WARN_COMMA = YES;
				CLANG_WARN_CONSTANT_CONVERSION = YES;
				CLANG_WARN_DIRECT_OBJC_ISA_USAGE = YES_ERROR;
				CLANG_WARN_DOCUMENTATION_COMMENTS = YES;
				CLANG_WARN_EMPTY_BODY = YES;
				CLANG_WARN_ENUM_CONVERSION = YES;
				CLANG_WARN_INFINITE_RECURSION = YES;
				CLANG_WARN_INT_CONVERSION = YES;
				CLANG_WARN_NON_LITERAL_NULL_CONVERSION = YES;
				CLANG_WARN_OBJC_LITERAL_CONVERSION = YES;
				CLANG_WARN_OBJC_ROOT_CLASS = YES_ERROR;
				CLANG_WARN_RANGE_LOOP_ANALYSIS = YES;
				CLANG_WARN_STRICT_PROTOTYPES = YES;
				CLANG_WARN_SUSPICIOUS_MOVE = YES;
				CLANG_WARN_UNGUARDED_AVAILABILITY = YES_AGGRESSIVE;
				CLANG_WARN_UNREACHABLE_CODE = YES;
				CLANG_WARN__DUPLICATE_METHOD_MATCH = YES;
				CODE_SIGN_IDENTITY = "iPhone Developer";
				COPY_PHASE_STRIP = NO;
				DEBUG_INFORMATION_FORMAT = "dwarf-with-dsym";
				ENABLE_NS_ASSERTIONS = NO;
				ENABLE_STRICT_OBJC_MSGSEND = YES;
				GCC_C_LANGUAGE_STANDARD = gnu11;
				GCC_NO_COMMON_BLOCKS = YES;
				GCC_WARN_64_TO_32_BIT_CONVERSION = YES;
				GCC_WARN_ABOUT_RETURN_TYPE = YES_ERROR;
				GCC_WARN_UNDECLARED_SELECTOR = YES;
				GCC_WARN_UNINITIALIZED_AUTOS = YES_AGGRESSIVE;
				GCC_WARN_UNUSED_FUNCTION = YES;
				GCC_WARN_UNUSED_VARIABLE = YES;
				IPHONEOS_DEPLOYMENT_TARGET = 11.2;
				MTL_ENABLE_DEBUG_INFO = NO;
				SDKROOT = iphoneos;
				SWIFT_OPTIMIZATION_LEVEL = "-Owholemodule";
				VALIDATE_PRODUCT = YES;
			};
			name = Release;
		};
		FCA158707ABDE25601EA6BF5 /* Release */ = {
			isa = XCBuildConfiguration;
			baseConfigurationReference = 0A829E9C19CAE2857C1A1351 /* Pods-Flower.release.xcconfig */;
			buildSettings = {
				ASSETCATALOG_COMPILER_APPICON_NAME = AppIcon;
				DEVELOPMENT_TEAM = FCKB72E74L;
				INFOPLIST_FILE = Flower/Info.plist;
				LD_RUNPATH_SEARCH_PATHS = "$(inherited) @executable_path/Frameworks";
				PRODUCT_BUNDLE_IDENTIFIER = com.clem.www.Flower;
				PRODUCT_NAME = "$(TARGET_NAME)";
				SWIFT_VERSION = 4.0;
				TARGETED_DEVICE_FAMILY = "1,2";
			};
			name = Release;
		};
		FCA159AE3242BCCF747AE39B /* Debug */ = {
			isa = XCBuildConfiguration;
			baseConfigurationReference = B303EDD5D55DE62C9D01130E /* Pods-Flower.debug.xcconfig */;
			buildSettings = {
				ASSETCATALOG_COMPILER_APPICON_NAME = AppIcon;
				DEVELOPMENT_TEAM = FCKB72E74L;
				INFOPLIST_FILE = Flower/Info.plist;
				LD_RUNPATH_SEARCH_PATHS = "$(inherited) @executable_path/Frameworks";
				PRODUCT_BUNDLE_IDENTIFIER = com.clem.www.Flower;
				PRODUCT_NAME = "$(TARGET_NAME)";
				SWIFT_VERSION = 4.0;
				TARGETED_DEVICE_FAMILY = "1,2";
			};
			name = Debug;
		};
/* End XCBuildConfiguration section */

/* Begin XCConfigurationList section */
		FCA15B32B7E5CECD935D3A07 /* Build configuration list for PBXProject "Flower" */ = {
			isa = XCConfigurationList;
			buildConfigurations = (
				FCA15073014D356D88F04CC7 /* Debug */,
				FCA152F7EA7FEF687D967E03 /* Release */,
			);
			defaultConfigurationIsVisible = 0;
			defaultConfigurationName = Release;
		};
		FCA15B40CBD751391BB86A93 /* Build configuration list for PBXNativeTarget "Flower" */ = {
			isa = XCConfigurationList;
			buildConfigurations = (
				FCA159AE3242BCCF747AE39B /* Debug */,
				FCA158707ABDE25601EA6BF5 /* Release */,
			);
			defaultConfigurationIsVisible = 0;
			defaultConfigurationName = Release;
		};
/* End XCConfigurationList section */
	};
	rootObject = FCA157CBAD3402CE27382FDD /* Project object */;
}
